
Microsoft Visual Studio Solution File, Format Version 12.00
# Visual Studio Version 16
VisualStudioVersion = 16.0.31729.503
MinimumVisualStudioVersion = 10.0.40219.1
Project("{FAE04EC0-301F-11D3-BF4B-00C04F79EFBC}") = "Nincsilyen_Allam_Vasutak", "Nincsilyen_Allam_Vasutak\Nincsilyen_Allam_Vasutak.csproj", "{CFFCEF63-AC05-448D-A6BF-A944913CC472}"
EndProject
Global
	GlobalSection(SolutionConfigurationPlatforms) = preSolution
		Debug|Any CPU = Debug|Any CPU
		Release|Any CPU = Release|Any CPU
	EndGlobalSection
	GlobalSection(ProjectConfigurationPlatforms) = postSolution
		{CFFCEF63-AC05-448D-A6BF-A944913CC472}.Debug|Any CPU.ActiveCfg = Debug|Any CPU
		{CFFCEF63-AC05-448D-A6BF-A944913CC472}.Debug|Any CPU.Build.0 = Debug|Any CPU
		{CFFCEF63-AC05-448D-A6BF-A944913CC472}.Release|Any CPU.ActiveCfg = Release|Any CPU
		{CFFCEF63-AC05-448D-A6BF-A944913CC472}.Release|Any CPU.Build.0 = Release|Any CPU
	EndGlobalSection
	GlobalSection(SolutionProperties) = preSolution
		HideSolutionNode = FALSE
	EndGlobalSection
	GlobalSection(ExtensibilityGlobals) = postSolution
		SolutionGuid = {57ED96B2-86FA-45AD-946E-5E55E53E5466}
	EndGlobalSection
EndGlobal
